
Microsoft Visual Studio Solution File, Format Version 12.00
# Visual Studio Version 17
VisualStudioVersion = 17.3.32811.315
MinimumVisualStudioVersion = 10.0.40219.1
Project("{FAE04EC0-301F-11D3-BF4B-00C04F79EFBC}") = "EDIILab_04", "EDIILab_04\EDIILab_04.csproj", "{D329863A-96E6-4B55-A8F5-9A15FB48F0C9}"
EndProject
Project("{FAE04EC0-301F-11D3-BF4B-00C04F79EFBC}") = "ARBOL_AVL", "ARBOL_AVL\ARBOL_AVL.csproj", "{5BB5559B-301F-43ED-B525-19FDB75C4880}"
EndProject
Project("{FAE04EC0-301F-11D3-BF4B-00C04F79EFBC}") = "Huffman", "Huffman\Huffman.csproj", "{45FF209D-B7E7-46B0-A4F0-A263CCE8A92E}"
EndProject
Project("{FAE04EC0-301F-11D3-BF4B-00C04F79EFBC}") = "LZW", "LZW\LZW.csproj", "{86FF5BF1-8D3A-4659-A0A4-61503D5B564A}"
EndProject
Project("{FAE04EC0-301F-11D3-BF4B-00C04F79EFBC}") = "CRYPTH", "CRYPTH\CRYPTH.csproj", "{6702E0F5-6009-4A0C-9C05-09539B807E72}"
EndProject
Global
	GlobalSection(SolutionConfigurationPlatforms) = preSolution
		Debug|Any CPU = Debug|Any CPU
		Release|Any CPU = Release|Any CPU
	EndGlobalSection
	GlobalSection(ProjectConfigurationPlatforms) = postSolution
		{D329863A-96E6-4B55-A8F5-9A15FB48F0C9}.Debug|Any CPU.ActiveCfg = Debug|Any CPU
		{D329863A-96E6-4B55-A8F5-9A15FB48F0C9}.Debug|Any CPU.Build.0 = Debug|Any CPU
		{D329863A-96E6-4B55-A8F5-9A15FB48F0C9}.Release|Any CPU.ActiveCfg = Release|Any CPU
		{D329863A-96E6-4B55-A8F5-9A15FB48F0C9}.Release|Any CPU.Build.0 = Release|Any CPU
		{5BB5559B-301F-43ED-B525-19FDB75C4880}.Debug|Any CPU.ActiveCfg = Debug|Any CPU
		{5BB5559B-301F-43ED-B525-19FDB75C4880}.Debug|Any CPU.Build.0 = Debug|Any CPU
		{5BB5559B-301F-43ED-B525-19FDB75C4880}.Release|Any CPU.ActiveCfg = Release|Any CPU
		{5BB5559B-301F-43ED-B525-19FDB75C4880}.Release|Any CPU.Build.0 = Release|Any CPU
		{45FF209D-B7E7-46B0-A4F0-A263CCE8A92E}.Debug|Any CPU.ActiveCfg = Debug|Any CPU
		{45FF209D-B7E7-46B0-A4F0-A263CCE8A92E}.Debug|Any CPU.Build.0 = Debug|Any CPU
		{45FF209D-B7E7-46B0-A4F0-A263CCE8A92E}.Release|Any CPU.ActiveCfg = Release|Any CPU
		{45FF209D-B7E7-46B0-A4F0-A263CCE8A92E}.Release|Any CPU.Build.0 = Release|Any CPU
		{86FF5BF1-8D3A-4659-A0A4-61503D5B564A}.Debug|Any CPU.ActiveCfg = Debug|Any CPU
		{86FF5BF1-8D3A-4659-A0A4-61503D5B564A}.Debug|Any CPU.Build.0 = Debug|Any CPU
		{86FF5BF1-8D3A-4659-A0A4-61503D5B564A}.Release|Any CPU.ActiveCfg = Release|Any CPU
		{86FF5BF1-8D3A-4659-A0A4-61503D5B564A}.Release|Any CPU.Build.0 = Release|Any CPU
		{6702E0F5-6009-4A0C-9C05-09539B807E72}.Debug|Any CPU.ActiveCfg = Debug|Any CPU
		{6702E0F5-6009-4A0C-9C05-09539B807E72}.Debug|Any CPU.Build.0 = Debug|Any CPU
		{6702E0F5-6009-4A0C-9C05-09539B807E72}.Release|Any CPU.ActiveCfg = Release|Any CPU
		{6702E0F5-6009-4A0C-9C05-09539B807E72}.Release|Any CPU.Build.0 = Release|Any CPU
	EndGlobalSection
	GlobalSection(SolutionProperties) = preSolution
		HideSolutionNode = FALSE
	EndGlobalSection
	GlobalSection(ExtensibilityGlobals) = postSolution
		SolutionGuid = {4DDA29B4-B472-4604-8E72-56DD0595B280}
	EndGlobalSection
EndGlobal
