
Microsoft Visual Studio Solution File, Format Version 12.00
# Visual Studio Version 17
VisualStudioVersion = 17.3.32811.315
MinimumVisualStudioVersion = 10.0.40219.1
Project("{FAE04EC0-301F-11D3-BF4B-00C04F79EFBC}") = "EDIILab_04", "EDIILab_04\EDIILab_04.csproj", "{D329863A-96E6-4B55-A8F5-9A15FB48F0C9}"
EndProject
Global
	GlobalSection(SolutionConfigurationPlatforms) = preSolution
		Debug|Any CPU = Debug|Any CPU
		Release|Any CPU = Release|Any CPU
	EndGlobalSection
	GlobalSection(ProjectConfigurationPlatforms) = postSolution
		{D329863A-96E6-4B55-A8F5-9A15FB48F0C9}.Debug|Any CPU.ActiveCfg = Debug|Any CPU
		{D329863A-96E6-4B55-A8F5-9A15FB48F0C9}.Debug|Any CPU.Build.0 = Debug|Any CPU
		{D329863A-96E6-4B55-A8F5-9A15FB48F0C9}.Release|Any CPU.ActiveCfg = Release|Any CPU
		{D329863A-96E6-4B55-A8F5-9A15FB48F0C9}.Release|Any CPU.Build.0 = Release|Any CPU
	EndGlobalSection
	GlobalSection(SolutionProperties) = preSolution
		HideSolutionNode = FALSE
	EndGlobalSection
	GlobalSection(ExtensibilityGlobals) = postSolution
		SolutionGuid = {4DDA29B4-B472-4604-8E72-56DD0595B280}
	EndGlobalSection
EndGlobal
